
Microsoft Visual Studio Solution File, Format Version 12.00
# Visual Studio 15
VisualStudioVersion = 15.0.28307.421
MinimumVisualStudioVersion = 10.0.40219.1
Project("{FAE04EC0-301F-11D3-BF4B-00C04F79EFBC}") = "Bootcamp", "Bootcamp\Bootcamp.csproj", "{45A396DC-2095-4BCC-81BF-005351449BA5}"
EndProject
Project("{2150E333-8FDC-42A3-9474-1A3956D46DE8}") = "Unit1", "Unit1", "{F1B6A8FE-5C79-4DE5-9F23-36034CC60E89}"
EndProject
Project("{FAE04EC0-301F-11D3-BF4B-00C04F79EFBC}") = "Lesson1", "Lesson1\Lesson1.csproj", "{63739F0D-6BAA-42AA-855A-B5AAB757EB3E}"
EndProject
Project("{FAE04EC0-301F-11D3-BF4B-00C04F79EFBC}") = "Lesson2", "Lesson2\Lesson2.csproj", "{A82281A4-3009-45B3-9E5F-B32563D81E7A}"
EndProject
Project("{FAE04EC0-301F-11D3-BF4B-00C04F79EFBC}") = "Lesson3", "Lesson3\Lesson3.csproj", "{BE517552-4169-4E53-A7AA-8BABC7CBD409}"
EndProject
Project("{FAE04EC0-301F-11D3-BF4B-00C04F79EFBC}") = "Lesson4", "Lesson4\Lesson4.csproj", "{51791825-34DF-43D0-A127-583DB6EB48DF}"
EndProject
Project("{FAE04EC0-301F-11D3-BF4B-00C04F79EFBC}") = "Lesson5", "Lesson5\Lesson5.csproj", "{A8B937E9-E4CE-4F04-B1CC-FE0A515D3FB6}"
EndProject
Project("{FAE04EC0-301F-11D3-BF4B-00C04F79EFBC}") = "Lesson6", "Lesson6\Lesson6.csproj", "{87469DB2-7AAE-4A0B-8A99-16E45A04CE8D}"
EndProject
Project("{2150E333-8FDC-42A3-9474-1A3956D46DE8}") = "Unit2", "Unit2", "{CFA6646A-0DB3-4F0F-956B-6B8005F47EE5}"
EndProject
Project("{FAE04EC0-301F-11D3-BF4B-00C04F79EFBC}") = "ChartApp", "Unit2\Lesson1\ChartApp.csproj", "{0868BCA7-9A52-4DFC-956E-AC048862C828}"
EndProject
Project("{2150E333-8FDC-42A3-9474-1A3956D46DE8}") = "Unit3", "Unit3", "{410561CB-19DE-4F6F-B1A8-FEA180F832D1}"
EndProject
Project("{FAE04EC0-301F-11D3-BF4B-00C04F79EFBC}") = "GithubActors", "Unit3\GitHub\GithubActors.csproj", "{93D0C836-98C9-45D1-B269-81220060DBB4}"
EndProject
Global
	GlobalSection(SolutionConfigurationPlatforms) = preSolution
		Debug|Any CPU = Debug|Any CPU
		Release|Any CPU = Release|Any CPU
	EndGlobalSection
	GlobalSection(ProjectConfigurationPlatforms) = postSolution
		{45A396DC-2095-4BCC-81BF-005351449BA5}.Debug|Any CPU.ActiveCfg = Debug|Any CPU
		{45A396DC-2095-4BCC-81BF-005351449BA5}.Debug|Any CPU.Build.0 = Debug|Any CPU
		{45A396DC-2095-4BCC-81BF-005351449BA5}.Release|Any CPU.ActiveCfg = Release|Any CPU
		{45A396DC-2095-4BCC-81BF-005351449BA5}.Release|Any CPU.Build.0 = Release|Any CPU
		{63739F0D-6BAA-42AA-855A-B5AAB757EB3E}.Debug|Any CPU.ActiveCfg = Debug|Any CPU
		{63739F0D-6BAA-42AA-855A-B5AAB757EB3E}.Debug|Any CPU.Build.0 = Debug|Any CPU
		{63739F0D-6BAA-42AA-855A-B5AAB757EB3E}.Release|Any CPU.ActiveCfg = Release|Any CPU
		{63739F0D-6BAA-42AA-855A-B5AAB757EB3E}.Release|Any CPU.Build.0 = Release|Any CPU
		{A82281A4-3009-45B3-9E5F-B32563D81E7A}.Debug|Any CPU.ActiveCfg = Debug|Any CPU
		{A82281A4-3009-45B3-9E5F-B32563D81E7A}.Debug|Any CPU.Build.0 = Debug|Any CPU
		{A82281A4-3009-45B3-9E5F-B32563D81E7A}.Release|Any CPU.ActiveCfg = Release|Any CPU
		{A82281A4-3009-45B3-9E5F-B32563D81E7A}.Release|Any CPU.Build.0 = Release|Any CPU
		{BE517552-4169-4E53-A7AA-8BABC7CBD409}.Debug|Any CPU.ActiveCfg = Debug|Any CPU
		{BE517552-4169-4E53-A7AA-8BABC7CBD409}.Debug|Any CPU.Build.0 = Debug|Any CPU
		{BE517552-4169-4E53-A7AA-8BABC7CBD409}.Release|Any CPU.ActiveCfg = Release|Any CPU
		{BE517552-4169-4E53-A7AA-8BABC7CBD409}.Release|Any CPU.Build.0 = Release|Any CPU
		{51791825-34DF-43D0-A127-583DB6EB48DF}.Debug|Any CPU.ActiveCfg = Debug|Any CPU
		{51791825-34DF-43D0-A127-583DB6EB48DF}.Debug|Any CPU.Build.0 = Debug|Any CPU
		{51791825-34DF-43D0-A127-583DB6EB48DF}.Release|Any CPU.ActiveCfg = Release|Any CPU
		{51791825-34DF-43D0-A127-583DB6EB48DF}.Release|Any CPU.Build.0 = Release|Any CPU
		{A8B937E9-E4CE-4F04-B1CC-FE0A515D3FB6}.Debug|Any CPU.ActiveCfg = Debug|Any CPU
		{A8B937E9-E4CE-4F04-B1CC-FE0A515D3FB6}.Debug|Any CPU.Build.0 = Debug|Any CPU
		{A8B937E9-E4CE-4F04-B1CC-FE0A515D3FB6}.Release|Any CPU.ActiveCfg = Release|Any CPU
		{A8B937E9-E4CE-4F04-B1CC-FE0A515D3FB6}.Release|Any CPU.Build.0 = Release|Any CPU
		{87469DB2-7AAE-4A0B-8A99-16E45A04CE8D}.Debug|Any CPU.ActiveCfg = Debug|Any CPU
		{87469DB2-7AAE-4A0B-8A99-16E45A04CE8D}.Debug|Any CPU.Build.0 = Debug|Any CPU
		{87469DB2-7AAE-4A0B-8A99-16E45A04CE8D}.Release|Any CPU.ActiveCfg = Release|Any CPU
		{87469DB2-7AAE-4A0B-8A99-16E45A04CE8D}.Release|Any CPU.Build.0 = Release|Any CPU
		{0868BCA7-9A52-4DFC-956E-AC048862C828}.Debug|Any CPU.ActiveCfg = Debug|Any CPU
		{0868BCA7-9A52-4DFC-956E-AC048862C828}.Debug|Any CPU.Build.0 = Debug|Any CPU
		{0868BCA7-9A52-4DFC-956E-AC048862C828}.Release|Any CPU.ActiveCfg = Release|Any CPU
		{0868BCA7-9A52-4DFC-956E-AC048862C828}.Release|Any CPU.Build.0 = Release|Any CPU
		{93D0C836-98C9-45D1-B269-81220060DBB4}.Debug|Any CPU.ActiveCfg = Debug|Any CPU
		{93D0C836-98C9-45D1-B269-81220060DBB4}.Debug|Any CPU.Build.0 = Debug|Any CPU
		{93D0C836-98C9-45D1-B269-81220060DBB4}.Release|Any CPU.ActiveCfg = Release|Any CPU
		{93D0C836-98C9-45D1-B269-81220060DBB4}.Release|Any CPU.Build.0 = Release|Any CPU
	EndGlobalSection
	GlobalSection(SolutionProperties) = preSolution
		HideSolutionNode = FALSE
	EndGlobalSection
	GlobalSection(NestedProjects) = preSolution
		{63739F0D-6BAA-42AA-855A-B5AAB757EB3E} = {F1B6A8FE-5C79-4DE5-9F23-36034CC60E89}
		{A82281A4-3009-45B3-9E5F-B32563D81E7A} = {F1B6A8FE-5C79-4DE5-9F23-36034CC60E89}
		{BE517552-4169-4E53-A7AA-8BABC7CBD409} = {F1B6A8FE-5C79-4DE5-9F23-36034CC60E89}
		{51791825-34DF-43D0-A127-583DB6EB48DF} = {F1B6A8FE-5C79-4DE5-9F23-36034CC60E89}
		{A8B937E9-E4CE-4F04-B1CC-FE0A515D3FB6} = {F1B6A8FE-5C79-4DE5-9F23-36034CC60E89}
		{87469DB2-7AAE-4A0B-8A99-16E45A04CE8D} = {F1B6A8FE-5C79-4DE5-9F23-36034CC60E89}
		{0868BCA7-9A52-4DFC-956E-AC048862C828} = {CFA6646A-0DB3-4F0F-956B-6B8005F47EE5}
		{93D0C836-98C9-45D1-B269-81220060DBB4} = {410561CB-19DE-4F6F-B1A8-FEA180F832D1}
	EndGlobalSection
	GlobalSection(ExtensibilityGlobals) = postSolution
		SolutionGuid = {B3F86F6F-1404-4859-BEAE-500C65AA0CEE}
	EndGlobalSection
EndGlobal
